// !$*UTF8*$!
{
	archiveVersion = 1;
	classes = {
	};
	objectVersion = 77;
	objects = {

/* Begin PBXBuildFile section */
		C26ACC332D3C669800170459 /* Preview Assets.xcassets in Resources */ = {isa = PBXBuildFile; fileRef = C26ACC302D3C669800170459 /* Preview Assets.xcassets */; };
		C26ACC342D3C669800170459 /* Assets.xcassets in Resources */ = {isa = PBXBuildFile; fileRef = C26ACC2D2D3C669800170459 /* Assets.xcassets */; };
		C26ACC372D3C66C300170459 /* PeronoAIApp.swift in Sources */ = {isa = PBXBuildFile; fileRef = C26ACC362D3C66C300170459 /* PeronoAIApp.swift */; };
		C26ACC402D3CB3DA00170459 /* GoogleService-Info.plist in Resources */ = {isa = PBXBuildFile; fileRef = C26ACC3F2D3CB3DA00170459 /* GoogleService-Info.plist */; };
		C26ACC432D3CB46000170459 /* FirebaseAnalytics in Frameworks */ = {isa = PBXBuildFile; productRef = C26ACC422D3CB46000170459 /* FirebaseAnalytics */; };
		C26ACC452D3CB46000170459 /* FirebaseAuth in Frameworks */ = {isa = PBXBuildFile; productRef = C26ACC442D3CB46000170459 /* FirebaseAuth */; };
		C26ACC472D3CB46000170459 /* FirebaseCrashlytics in Frameworks */ = {isa = PBXBuildFile; productRef = C26ACC462D3CB46000170459 /* FirebaseCrashlytics */; };
		C26ACC492D3CB46000170459 /* FirebaseFirestore in Frameworks */ = {isa = PBXBuildFile; productRef = C26ACC482D3CB46000170459 /* FirebaseFirestore */; };
		C28DAC3B2D48AE09006887DC /* OpenAI in Frameworks */ = {isa = PBXBuildFile; productRef = C28DAC3A2D48AE09006887DC /* OpenAI */; };
		C2935EBB2D3F0FCE00B7AB1E /* FirebaseCore in Frameworks */ = {isa = PBXBuildFile; productRef = C2935EBA2D3F0FCE00B7AB1E /* FirebaseCore */; };
		C2CEAD6E2D5822DC00FE31B4 /* HomeView.swift in Sources */ = {isa = PBXBuildFile; fileRef = C2CEAD6D2D5822DC00FE31B4 /* HomeView.swift */; };
		C2CEAD702D58230200FE31B4 /* WelcomeView.swift in Sources */ = {isa = PBXBuildFile; fileRef = C2CEAD6F2D58230200FE31B4 /* WelcomeView.swift */; };
		C2CEAD722D590DA500FE31B4 /* Onboarding.swift in Sources */ = {isa = PBXBuildFile; fileRef = C2CEAD712D590DA500FE31B4 /* Onboarding.swift */; };
		C2CEAD742D59108400FE31B4 /* Auth.swift in Sources */ = {isa = PBXBuildFile; fileRef = C2CEAD732D59108400FE31B4 /* Auth.swift */; };
		C2CEAD782D5918ED00FE31B4 /* AuthButtonStyle.swift in Sources */ = {isa = PBXBuildFile; fileRef = C2CEAD772D5918ED00FE31B4 /* AuthButtonStyle.swift */; };
/* End PBXBuildFile section */

/* Begin PBXFileReference section */
		C26ACC172D3C414D00170459 /* PeronoAI.app */ = {isa = PBXFileReference; explicitFileType = wrapper.application; includeInIndex = 0; path = PeronoAI.app; sourceTree = BUILT_PRODUCTS_DIR; };
		C26ACC2D2D3C669800170459 /* Assets.xcassets */ = {isa = PBXFileReference; lastKnownFileType = folder.assetcatalog; path = Assets.xcassets; sourceTree = "<group>"; };
		C26ACC302D3C669800170459 /* Preview Assets.xcassets */ = {isa = PBXFileReference; lastKnownFileType = folder.assetcatalog; path = "Preview Assets.xcassets"; sourceTree = "<group>"; };
		C26ACC362D3C66C300170459 /* PeronoAIApp.swift */ = {isa = PBXFileReference; lastKnownFileType = sourcecode.swift; path = PeronoAIApp.swift; sourceTree = "<group>"; };
		C26ACC3D2D3C679600170459 /* Info.plist */ = {isa = PBXFileReference; lastKnownFileType = text.plist; path = Info.plist; sourceTree = "<group>"; };
		C26ACC3F2D3CB3DA00170459 /* GoogleService-Info.plist */ = {isa = PBXFileReference; lastKnownFileType = text.plist.xml; path = "GoogleService-Info.plist"; sourceTree = "<group>"; };
		C2CEAD6D2D5822DC00FE31B4 /* HomeView.swift */ = {isa = PBXFileReference; lastKnownFileType = sourcecode.swift; path = HomeView.swift; sourceTree = "<group>"; };
		C2CEAD6F2D58230200FE31B4 /* WelcomeView.swift */ = {isa = PBXFileReference; lastKnownFileType = sourcecode.swift; path = WelcomeView.swift; sourceTree = "<group>"; };
		C2CEAD712D590DA500FE31B4 /* Onboarding.swift */ = {isa = PBXFileReference; lastKnownFileType = sourcecode.swift; path = Onboarding.swift; sourceTree = "<group>"; };
		C2CEAD732D59108400FE31B4 /* Auth.swift */ = {isa = PBXFileReference; lastKnownFileType = sourcecode.swift; path = Auth.swift; sourceTree = "<group>"; };
		C2CEAD772D5918ED00FE31B4 /* AuthButtonStyle.swift */ = {isa = PBXFileReference; lastKnownFileType = sourcecode.swift; path = AuthButtonStyle.swift; sourceTree = "<group>"; };
/* End PBXFileReference section */

/* Begin PBXFileSystemSynchronizedRootGroup section */
		C26ACC3A2D3C673900170459 /* Fonts */ = {
			isa = PBXFileSystemSynchronizedRootGroup;
			path = Fonts;
			sourceTree = "<group>";
		};
/* End PBXFileSystemSynchronizedRootGroup section */

/* Begin PBXFrameworksBuildPhase section */
		C26ACC142D3C414D00170459 /* Frameworks */ = {
			isa = PBXFrameworksBuildPhase;
			buildActionMask = 2147483647;
			files = (
				C26ACC472D3CB46000170459 /* FirebaseCrashlytics in Frameworks */,
				C2935EBB2D3F0FCE00B7AB1E /* FirebaseCore in Frameworks */,
				C26ACC492D3CB46000170459 /* FirebaseFirestore in Frameworks */,
				C26ACC432D3CB46000170459 /* FirebaseAnalytics in Frameworks */,
				C28DAC3B2D48AE09006887DC /* OpenAI in Frameworks */,
				C26ACC452D3CB46000170459 /* FirebaseAuth in Frameworks */,
			);
			runOnlyForDeploymentPostprocessing = 0;
		};
/* End PBXFrameworksBuildPhase section */

/* Begin PBXGroup section */
		C26ACC0E2D3C414D00170459 = {
			isa = PBXGroup;
			children = (
				C26ACC2F2D3C669800170459 /* PeronoAI */,
				C2935EB92D3F0FCE00B7AB1E /* Frameworks */,
				C26ACC182D3C414D00170459 /* Products */,
			);
			sourceTree = "<group>";
		};
		C26ACC182D3C414D00170459 /* Products */ = {
			isa = PBXGroup;
			children = (
				C26ACC172D3C414D00170459 /* PeronoAI.app */,
			);
			name = Products;
			sourceTree = "<group>";
		};
		C26ACC2F2D3C669800170459 /* PeronoAI */ = {
			isa = PBXGroup;
			children = (
				C26ACC3D2D3C679600170459 /* Info.plist */,
				C26ACC3A2D3C673900170459 /* Fonts */,
				C26ACC312D3C669800170459 /* Preview Content */,
				C26ACC2D2D3C669800170459 /* Assets.xcassets */,
				C26ACC3F2D3CB3DA00170459 /* GoogleService-Info.plist */,
				C26ACC302D3C669800170459 /* Preview Assets.xcassets */,
				C26ACC362D3C66C300170459 /* PeronoAIApp.swift */,
				C2CEAD732D59108400FE31B4 /* Auth.swift */,
				C2CEAD6D2D5822DC00FE31B4 /* HomeView.swift */,
				C2CEAD772D5918ED00FE31B4 /* AuthButtonStyle.swift */,
				C2CEAD6F2D58230200FE31B4 /* WelcomeView.swift */,
				C2CEAD712D590DA500FE31B4 /* Onboarding.swift */,
			);
			path = PeronoAI;
			sourceTree = "<group>";
		};
		C26ACC312D3C669800170459 /* Preview Content */ = {
			isa = PBXGroup;
			children = (
			);
			path = "Preview Content";
			sourceTree = "<group>";
		};
		C2935EB92D3F0FCE00B7AB1E /* Frameworks */ = {
			isa = PBXGroup;
			children = (
			);
			name = Frameworks;
			sourceTree = "<group>";
		};
/* End PBXGroup section */

/* Begin PBXNativeTarget section */
		C26ACC162D3C414D00170459 /* PeronoAI */ = {
			isa = PBXNativeTarget;
			buildConfigurationList = C26ACC252D3C414F00170459 /* Build configuration list for PBXNativeTarget "PeronoAI" */;
			buildPhases = (
				C26ACC132D3C414D00170459 /* Sources */,
				C26ACC142D3C414D00170459 /* Frameworks */,
				C26ACC152D3C414D00170459 /* Resources */,
			);
			buildRules = (
			);
			dependencies = (
			);
			fileSystemSynchronizedGroups = (
				C26ACC3A2D3C673900170459 /* Fonts */,
			);
			name = PeronoAI;
			packageProductDependencies = (
				C26ACC422D3CB46000170459 /* FirebaseAnalytics */,
				C26ACC442D3CB46000170459 /* FirebaseAuth */,
				C26ACC462D3CB46000170459 /* FirebaseCrashlytics */,
				C26ACC482D3CB46000170459 /* FirebaseFirestore */,
				C2935EBA2D3F0FCE00B7AB1E /* FirebaseCore */,
				C28DAC3A2D48AE09006887DC /* OpenAI */,
			);
			productName = PeronoAI;
			productReference = C26ACC172D3C414D00170459 /* PeronoAI.app */;
			productType = "com.apple.product-type.application";
		};
/* End PBXNativeTarget section */

/* Begin PBXProject section */
		C26ACC0F2D3C414D00170459 /* Project object */ = {
			isa = PBXProject;
			attributes = {
				BuildIndependentTargetsInParallel = 1;
				LastSwiftUpdateCheck = 1620;
				LastUpgradeCheck = 1620;
				TargetAttributes = {
					C26ACC162D3C414D00170459 = {
						CreatedOnToolsVersion = 16.2;
						LastSwiftMigration = 1620;
					};
				};
			};
			buildConfigurationList = C26ACC122D3C414D00170459 /* Build configuration list for PBXProject "PeronoAI" */;
			developmentRegion = en;
			hasScannedForEncodings = 0;
			knownRegions = (
				en,
				Base,
			);
			mainGroup = C26ACC0E2D3C414D00170459;
			minimizedProjectReferenceProxies = 1;
			packageReferences = (
				C26ACC412D3CB46000170459 /* XCRemoteSwiftPackageReference "firebase-ios-sdk" */,
				C28DAC392D48AE09006887DC /* XCRemoteSwiftPackageReference "OpenAI" */,
			);
			preferredProjectObjectVersion = 77;
			productRefGroup = C26ACC182D3C414D00170459 /* Products */;
			projectDirPath = "";
			projectRoot = "";
			targets = (
				C26ACC162D3C414D00170459 /* PeronoAI */,
			);
		};
/* End PBXProject section */

/* Begin PBXResourcesBuildPhase section */
		C26ACC152D3C414D00170459 /* Resources */ = {
			isa = PBXResourcesBuildPhase;
			buildActionMask = 2147483647;
			files = (
				C26ACC402D3CB3DA00170459 /* GoogleService-Info.plist in Resources */,
				C26ACC332D3C669800170459 /* Preview Assets.xcassets in Resources */,
				C26ACC342D3C669800170459 /* Assets.xcassets in Resources */,
			);
			runOnlyForDeploymentPostprocessing = 0;
		};
/* End PBXResourcesBuildPhase section */

/* Begin PBXSourcesBuildPhase section */
		C26ACC132D3C414D00170459 /* Sources */ = {
			isa = PBXSourcesBuildPhase;
			buildActionMask = 2147483647;
			files = (
				C2CEAD722D590DA500FE31B4 /* Onboarding.swift in Sources */,
				C26ACC372D3C66C300170459 /* PeronoAIApp.swift in Sources */,
				C2CEAD6E2D5822DC00FE31B4 /* HomeView.swift in Sources */,
				C2CEAD782D5918ED00FE31B4 /* AuthButtonStyle.swift in Sources */,
				C2CEAD742D59108400FE31B4 /* Auth.swift in Sources */,
				C2CEAD702D58230200FE31B4 /* WelcomeView.swift in Sources */,
			);
			runOnlyForDeploymentPostprocessing = 0;
		};
/* End PBXSourcesBuildPhase section */

/* Begin XCBuildConfiguration section */
		C26ACC232D3C414F00170459 /* Debug */ = {
			isa = XCBuildConfiguration;
			buildSettings = {
				ALWAYS_SEARCH_USER_PATHS = NO;
				ASSETCATALOG_COMPILER_GENERATE_SWIFT_ASSET_SYMBOL_EXTENSIONS = YES;
				CLANG_ANALYZER_NONNULL = YES;
				CLANG_ANALYZER_NUMBER_OBJECT_CONVERSION = YES_AGGRESSIVE;
				CLANG_CXX_LANGUAGE_STANDARD = "gnu++20";
				CLANG_ENABLE_MODULES = YES;
				CLANG_ENABLE_OBJC_ARC = YES;
				CLANG_ENABLE_OBJC_WEAK = YES;
				CLANG_WARN_BLOCK_CAPTURE_AUTORELEASING = YES;
				CLANG_WARN_BOOL_CONVERSION = YES;
				CLANG_WARN_COMMA = YES;
				CLANG_WARN_CONSTANT_CONVERSION = YES;
				CLANG_WARN_DEPRECATED_OBJC_IMPLEMENTATIONS = YES;
				CLANG_WARN_DIRECT_OBJC_ISA_USAGE = YES_ERROR;
				CLANG_WARN_DOCUMENTATION_COMMENTS = YES;
				CLANG_WARN_EMPTY_BODY = YES;
				CLANG_WARN_ENUM_CONVERSION = YES;
				CLANG_WARN_INFINITE_RECURSION = YES;
				CLANG_WARN_INT_CONVERSION = YES;
				CLANG_WARN_NON_LITERAL_NULL_CONVERSION = YES;
				CLANG_WARN_OBJC_IMPLICIT_RETAIN_SELF = YES;
				CLANG_WARN_OBJC_LITERAL_CONVERSION = YES;
				CLANG_WARN_OBJC_ROOT_CLASS = YES_ERROR;
				CLANG_WARN_QUOTED_INCLUDE_IN_FRAMEWORK_HEADER = YES;
				CLANG_WARN_RANGE_LOOP_ANALYSIS = YES;
				CLANG_WARN_STRICT_PROTOTYPES = YES;
				CLANG_WARN_SUSPICIOUS_MOVE = YES;
				CLANG_WARN_UNGUARDED_AVAILABILITY = YES_AGGRESSIVE;
				CLANG_WARN_UNREACHABLE_CODE = YES;
				CLANG_WARN__DUPLICATE_METHOD_MATCH = YES;
				COPY_PHASE_STRIP = NO;
				DEBUG_INFORMATION_FORMAT = dwarf;
				ENABLE_STRICT_OBJC_MSGSEND = YES;
				ENABLE_TESTABILITY = YES;
				ENABLE_USER_SCRIPT_SANDBOXING = YES;
				GCC_C_LANGUAGE_STANDARD = gnu17;
				GCC_DYNAMIC_NO_PIC = NO;
				GCC_NO_COMMON_BLOCKS = YES;
				GCC_OPTIMIZATION_LEVEL = 0;
				GCC_PREPROCESSOR_DEFINITIONS = (
					"DEBUG=1",
					"$(inherited)",
				);
				GCC_WARN_64_TO_32_BIT_CONVERSION = YES;
				GCC_WARN_ABOUT_RETURN_TYPE = YES_ERROR;
				GCC_WARN_UNDECLARED_SELECTOR = YES;
				GCC_WARN_UNINITIALIZED_AUTOS = YES_AGGRESSIVE;
				GCC_WARN_UNUSED_FUNCTION = YES;
				GCC_WARN_UNUSED_VARIABLE = YES;
				IPHONEOS_DEPLOYMENT_TARGET = 18.2;
				LOCALIZATION_PREFERS_STRING_CATALOGS = YES;
				MTL_ENABLE_DEBUG_INFO = INCLUDE_SOURCE;
				MTL_FAST_MATH = YES;
				ONLY_ACTIVE_ARCH = YES;
				SDKROOT = iphoneos;
				SWIFT_ACTIVE_COMPILATION_CONDITIONS = "DEBUG $(inherited)";
				SWIFT_OPTIMIZATION_LEVEL = "-Onone";
			};
			name = Debug;
		};
		C26ACC242D3C414F00170459 /* Release */ = {
			isa = XCBuildConfiguration;
			buildSettings = {
				ALWAYS_SEARCH_USER_PATHS = NO;
				ASSETCATALOG_COMPILER_GENERATE_SWIFT_ASSET_SYMBOL_EXTENSIONS = YES;
				CLANG_ANALYZER_NONNULL = YES;
				CLANG_ANALYZER_NUMBER_OBJECT_CONVERSION = YES_AGGRESSIVE;
				CLANG_CXX_LANGUAGE_STANDARD = "gnu++20";
				CLANG_ENABLE_MODULES = YES;
				CLANG_ENABLE_OBJC_ARC = YES;
				CLANG_ENABLE_OBJC_WEAK = YES;
				CLANG_WARN_BLOCK_CAPTURE_AUTORELEASING = YES;
				CLANG_WARN_BOOL_CONVERSION = YES;
				CLANG_WARN_COMMA = YES;
				CLANG_WARN_CONSTANT_CONVERSION = YES;
				CLANG_WARN_DEPRECATED_OBJC_IMPLEMENTATIONS = YES;
				CLANG_WARN_DIRECT_OBJC_ISA_USAGE = YES_ERROR;
				CLANG_WARN_DOCUMENTATION_COMMENTS = YES;
				CLANG_WARN_EMPTY_BODY = YES;
				CLANG_WARN_ENUM_CONVERSION = YES;
				CLANG_WARN_INFINITE_RECURSION = YES;
				CLANG_WARN_INT_CONVERSION = YES;
				CLANG_WARN_NON_LITERAL_NULL_CONVERSION = YES;
				CLANG_WARN_OBJC_IMPLICIT_RETAIN_SELF = YES;
				CLANG_WARN_OBJC_LITERAL_CONVERSION = YES;
				CLANG_WARN_OBJC_ROOT_CLASS = YES_ERROR;
				CLANG_WARN_QUOTED_INCLUDE_IN_FRAMEWORK_HEADER = YES;
				CLANG_WARN_RANGE_LOOP_ANALYSIS = YES;
				CLANG_WARN_STRICT_PROTOTYPES = YES;
				CLANG_WARN_SUSPICIOUS_MOVE = YES;
				CLANG_WARN_UNGUARDED_AVAILABILITY = YES_AGGRESSIVE;
				CLANG_WARN_UNREACHABLE_CODE = YES;
				CLANG_WARN__DUPLICATE_METHOD_MATCH = YES;
				COPY_PHASE_STRIP = NO;
				DEBUG_INFORMATION_FORMAT = "dwarf-with-dsym";
				ENABLE_NS_ASSERTIONS = NO;
				ENABLE_STRICT_OBJC_MSGSEND = YES;
				ENABLE_USER_SCRIPT_SANDBOXING = YES;
				GCC_C_LANGUAGE_STANDARD = gnu17;
				GCC_NO_COMMON_BLOCKS = YES;
				GCC_WARN_64_TO_32_BIT_CONVERSION = YES;
				GCC_WARN_ABOUT_RETURN_TYPE = YES_ERROR;
				GCC_WARN_UNDECLARED_SELECTOR = YES;
				GCC_WARN_UNINITIALIZED_AUTOS = YES_AGGRESSIVE;
				GCC_WARN_UNUSED_FUNCTION = YES;
				GCC_WARN_UNUSED_VARIABLE = YES;
				IPHONEOS_DEPLOYMENT_TARGET = 18.2;
				LOCALIZATION_PREFERS_STRING_CATALOGS = YES;
				MTL_ENABLE_DEBUG_INFO = NO;
				MTL_FAST_MATH = YES;
				SDKROOT = iphoneos;
				SWIFT_COMPILATION_MODE = wholemodule;
				VALIDATE_PRODUCT = YES;
			};
			name = Release;
		};
		C26ACC262D3C414F00170459 /* Debug */ = {
			isa = XCBuildConfiguration;
			buildSettings = {
				ASSETCATALOG_COMPILER_APPICON_NAME = AppIcon;
				ASSETCATALOG_COMPILER_GLOBAL_ACCENT_COLOR_NAME = AccentColor;
				CLANG_ENABLE_MODULES = YES;
				CODE_SIGN_STYLE = Automatic;
				CURRENT_PROJECT_VERSION = 1;
				DEVELOPMENT_ASSET_PATHS = "\"PeronoAI/Preview Content\"";
				DEVELOPMENT_TEAM = A454G38D8P;
				ENABLE_PREVIEWS = YES;
				GENERATE_INFOPLIST_FILE = YES;
				INFOPLIST_FILE = PeronoAI/Info.plist;
				INFOPLIST_KEY_UIApplicationSceneManifest_Generation = YES;
				INFOPLIST_KEY_UIApplicationSupportsIndirectInputEvents = YES;
				INFOPLIST_KEY_UILaunchScreen_Generation = YES;
				INFOPLIST_KEY_UISupportedInterfaceOrientations_iPad = "UIInterfaceOrientationPortrait UIInterfaceOrientationPortraitUpsideDown UIInterfaceOrientationLandscapeLeft UIInterfaceOrientationLandscapeRight";
				INFOPLIST_KEY_UISupportedInterfaceOrientations_iPhone = "UIInterfaceOrientationPortrait UIInterfaceOrientationLandscapeLeft UIInterfaceOrientationLandscapeRight";
				LD_RUNPATH_SEARCH_PATHS = (
					"$(inherited)",
					"@executable_path/Frameworks",
				);
				MARKETING_VERSION = 1.0;
				PRODUCT_BUNDLE_IDENTIFIER = hd5.PeronoAI;
				PRODUCT_NAME = "$(TARGET_NAME)";
				SWIFT_EMIT_LOC_STRINGS = YES;
				SWIFT_OPTIMIZATION_LEVEL = "-Onone";
				SWIFT_VERSION = 5.0;
				TARGETED_DEVICE_FAMILY = "1,2";
			};
			name = Debug;
		};
		C26ACC272D3C414F00170459 /* Release */ = {
			isa = XCBuildConfiguration;
			buildSettings = {
				ASSETCATALOG_COMPILER_APPICON_NAME = AppIcon;
				ASSETCATALOG_COMPILER_GLOBAL_ACCENT_COLOR_NAME = AccentColor;
				CLANG_ENABLE_MODULES = YES;
				CODE_SIGN_STYLE = Automatic;
				CURRENT_PROJECT_VERSION = 1;
				DEVELOPMENT_ASSET_PATHS = "\"PeronoAI/Preview Content\"";
				DEVELOPMENT_TEAM = A454G38D8P;
				ENABLE_PREVIEWS = YES;
				GENERATE_INFOPLIST_FILE = YES;
				INFOPLIST_FILE = PeronoAI/Info.plist;
				INFOPLIST_KEY_UIApplicationSceneManifest_Generation = YES;
				INFOPLIST_KEY_UIApplicationSupportsIndirectInputEvents = YES;
				INFOPLIST_KEY_UILaunchScreen_Generation = YES;
				INFOPLIST_KEY_UISupportedInterfaceOrientations_iPad = "UIInterfaceOrientationPortrait UIInterfaceOrientationPortraitUpsideDown UIInterfaceOrientationLandscapeLeft UIInterfaceOrientationLandscapeRight";
				INFOPLIST_KEY_UISupportedInterfaceOrientations_iPhone = "UIInterfaceOrientationPortrait UIInterfaceOrientationLandscapeLeft UIInterfaceOrientationLandscapeRight";
				LD_RUNPATH_SEARCH_PATHS = (
					"$(inherited)",
					"@executable_path/Frameworks",
				);
				MARKETING_VERSION = 1.0;
				PRODUCT_BUNDLE_IDENTIFIER = hd5.PeronoAI;
				PRODUCT_NAME = "$(TARGET_NAME)";
				SWIFT_EMIT_LOC_STRINGS = YES;
				SWIFT_VERSION = 5.0;
				TARGETED_DEVICE_FAMILY = "1,2";
			};
			name = Release;
		};
/* End XCBuildConfiguration section */

/* Begin XCConfigurationList section */
		C26ACC122D3C414D00170459 /* Build configuration list for PBXProject "PeronoAI" */ = {
			isa = XCConfigurationList;
			buildConfigurations = (
				C26ACC232D3C414F00170459 /* Debug */,
				C26ACC242D3C414F00170459 /* Release */,
			);
			defaultConfigurationIsVisible = 0;
			defaultConfigurationName = Release;
		};
		C26ACC252D3C414F00170459 /* Build configuration list for PBXNativeTarget "PeronoAI" */ = {
			isa = XCConfigurationList;
			buildConfigurations = (
				C26ACC262D3C414F00170459 /* Debug */,
				C26ACC272D3C414F00170459 /* Release */,
			);
			defaultConfigurationIsVisible = 0;
			defaultConfigurationName = Release;
		};
/* End XCConfigurationList section */

/* Begin XCRemoteSwiftPackageReference section */
		C26ACC412D3CB46000170459 /* XCRemoteSwiftPackageReference "firebase-ios-sdk" */ = {
			isa = XCRemoteSwiftPackageReference;
			repositoryURL = "https://github.com/firebase/firebase-ios-sdk";
			requirement = {
				kind = upToNextMajorVersion;
				minimumVersion = 11.7.0;
			};
		};
		C28DAC392D48AE09006887DC /* XCRemoteSwiftPackageReference "OpenAI" */ = {
			isa = XCRemoteSwiftPackageReference;
			repositoryURL = "https://github.com/MacPaw/OpenAI";
			requirement = {
				kind = upToNextMajorVersion;
				minimumVersion = 0.3.1;
			};
		};
/* End XCRemoteSwiftPackageReference section */

/* Begin XCSwiftPackageProductDependency section */
		C26ACC422D3CB46000170459 /* FirebaseAnalytics */ = {
			isa = XCSwiftPackageProductDependency;
			package = C26ACC412D3CB46000170459 /* XCRemoteSwiftPackageReference "firebase-ios-sdk" */;
			productName = FirebaseAnalytics;
		};
		C26ACC442D3CB46000170459 /* FirebaseAuth */ = {
			isa = XCSwiftPackageProductDependency;
			package = C26ACC412D3CB46000170459 /* XCRemoteSwiftPackageReference "firebase-ios-sdk" */;
			productName = FirebaseAuth;
		};
		C26ACC462D3CB46000170459 /* FirebaseCrashlytics */ = {
			isa = XCSwiftPackageProductDependency;
			package = C26ACC412D3CB46000170459 /* XCRemoteSwiftPackageReference "firebase-ios-sdk" */;
			productName = FirebaseCrashlytics;
		};
		C26ACC482D3CB46000170459 /* FirebaseFirestore */ = {
			isa = XCSwiftPackageProductDependency;
			package = C26ACC412D3CB46000170459 /* XCRemoteSwiftPackageReference "firebase-ios-sdk" */;
			productName = FirebaseFirestore;
		};
		C28DAC3A2D48AE09006887DC /* OpenAI */ = {
			isa = XCSwiftPackageProductDependency;
			package = C28DAC392D48AE09006887DC /* XCRemoteSwiftPackageReference "OpenAI" */;
			productName = OpenAI;
		};
		C2935EBA2D3F0FCE00B7AB1E /* FirebaseCore */ = {
			isa = XCSwiftPackageProductDependency;
			package = C26ACC412D3CB46000170459 /* XCRemoteSwiftPackageReference "firebase-ios-sdk" */;
			productName = FirebaseCore;
		};
/* End XCSwiftPackageProductDependency section */
	};
	rootObject = C26ACC0F2D3C414D00170459 /* Project object */;
}
